
Microsoft Visual Studio Solution File, Format Version 12.00
# Visual Studio Version 17
VisualStudioVersion = 17.8.34525.116
MinimumVisualStudioVersion = 10.0.40219.1
Project("{FAE04EC0-301F-11D3-BF4B-00C04F79EFBC}") = "Ex02_Logic", "Ex02_Logic\Ex02_Logic.csproj", "{D6CBF27B-530C-4282-8308-6EF64AB96D64}"
EndProject
Project("{FAE04EC0-301F-11D3-BF4B-00C04F79EFBC}") = "Ex02_UserInterface", "Ex02_UserInterface\Ex02_UserInterface.csproj", "{DCEA2153-2FFD-426E-9790-81673072B1A6}"
EndProject
Global
	GlobalSection(SolutionConfigurationPlatforms) = preSolution
		Debug|Any CPU = Debug|Any CPU
		Release|Any CPU = Release|Any CPU
	EndGlobalSection
	GlobalSection(ProjectConfigurationPlatforms) = postSolution
		{D6CBF27B-530C-4282-8308-6EF64AB96D64}.Debug|Any CPU.ActiveCfg = Debug|Any CPU
		{D6CBF27B-530C-4282-8308-6EF64AB96D64}.Debug|Any CPU.Build.0 = Debug|Any CPU
		{D6CBF27B-530C-4282-8308-6EF64AB96D64}.Release|Any CPU.ActiveCfg = Release|Any CPU
		{D6CBF27B-530C-4282-8308-6EF64AB96D64}.Release|Any CPU.Build.0 = Release|Any CPU
		{DCEA2153-2FFD-426E-9790-81673072B1A6}.Debug|Any CPU.ActiveCfg = Debug|Any CPU
		{DCEA2153-2FFD-426E-9790-81673072B1A6}.Debug|Any CPU.Build.0 = Debug|Any CPU
		{DCEA2153-2FFD-426E-9790-81673072B1A6}.Release|Any CPU.ActiveCfg = Release|Any CPU
		{DCEA2153-2FFD-426E-9790-81673072B1A6}.Release|Any CPU.Build.0 = Release|Any CPU
	EndGlobalSection
	GlobalSection(SolutionProperties) = preSolution
		HideSolutionNode = FALSE
	EndGlobalSection
	GlobalSection(ExtensibilityGlobals) = postSolution
		SolutionGuid = {F8FD3A7D-A9D1-454B-9D56-9F877174F7FE}
	EndGlobalSection
EndGlobal
